
Microsoft Visual Studio Solution File, Format Version 12.00
Project("{FAE04EC0-301F-11D3-BF4B-00C04F79EFBC}") = "BHW1", "BHW1\BHW1.csproj", "{AB4D94F5-35FA-4CE7-B603-8BAD5E973B00}"
EndProject
Project("{2150E333-8FDC-42A3-9474-1A3956D46DE8}") = "BHW1", "BHW1", "{38554736-6108-46E5-B990-16EFDA4367E8}"
EndProject
Project("{FAE04EC0-301F-11D3-BF4B-00C04F79EFBC}") = "Domain", "Domain\Domain.csproj", "{7F7E2483-27C8-4AC9-8753-5AA621B7FCB4}"
EndProject
Project("{FAE04EC0-301F-11D3-BF4B-00C04F79EFBC}") = "ConsoleInterface", "ConsoleInterface\ConsoleInterface.csproj", "{76F67022-86AB-4C3A-BA8A-C9C06BF3E28B}"
EndProject
Project("{FAE04EC0-301F-11D3-BF4B-00C04F79EFBC}") = "Tests", "Tests\Tests.csproj", "{C5F2F28F-60E3-4FC9-8189-973F65C6B87B}"
EndProject
Global
	GlobalSection(SolutionConfigurationPlatforms) = preSolution
		Debug|Any CPU = Debug|Any CPU
		Release|Any CPU = Release|Any CPU
	EndGlobalSection
	GlobalSection(ProjectConfigurationPlatforms) = postSolution
		{AB4D94F5-35FA-4CE7-B603-8BAD5E973B00}.Debug|Any CPU.ActiveCfg = Debug|Any CPU
		{AB4D94F5-35FA-4CE7-B603-8BAD5E973B00}.Debug|Any CPU.Build.0 = Debug|Any CPU
		{AB4D94F5-35FA-4CE7-B603-8BAD5E973B00}.Release|Any CPU.ActiveCfg = Release|Any CPU
		{AB4D94F5-35FA-4CE7-B603-8BAD5E973B00}.Release|Any CPU.Build.0 = Release|Any CPU
		{7F7E2483-27C8-4AC9-8753-5AA621B7FCB4}.Debug|Any CPU.ActiveCfg = Debug|Any CPU
		{7F7E2483-27C8-4AC9-8753-5AA621B7FCB4}.Debug|Any CPU.Build.0 = Debug|Any CPU
		{7F7E2483-27C8-4AC9-8753-5AA621B7FCB4}.Release|Any CPU.ActiveCfg = Release|Any CPU
		{7F7E2483-27C8-4AC9-8753-5AA621B7FCB4}.Release|Any CPU.Build.0 = Release|Any CPU
		{76F67022-86AB-4C3A-BA8A-C9C06BF3E28B}.Debug|Any CPU.ActiveCfg = Debug|Any CPU
		{76F67022-86AB-4C3A-BA8A-C9C06BF3E28B}.Debug|Any CPU.Build.0 = Debug|Any CPU
		{76F67022-86AB-4C3A-BA8A-C9C06BF3E28B}.Release|Any CPU.ActiveCfg = Release|Any CPU
		{76F67022-86AB-4C3A-BA8A-C9C06BF3E28B}.Release|Any CPU.Build.0 = Release|Any CPU
		{C5F2F28F-60E3-4FC9-8189-973F65C6B87B}.Debug|Any CPU.ActiveCfg = Debug|Any CPU
		{C5F2F28F-60E3-4FC9-8189-973F65C6B87B}.Debug|Any CPU.Build.0 = Debug|Any CPU
		{C5F2F28F-60E3-4FC9-8189-973F65C6B87B}.Release|Any CPU.ActiveCfg = Release|Any CPU
		{C5F2F28F-60E3-4FC9-8189-973F65C6B87B}.Release|Any CPU.Build.0 = Release|Any CPU
	EndGlobalSection
	GlobalSection(NestedProjects) = preSolution
		{AB4D94F5-35FA-4CE7-B603-8BAD5E973B00} = {38554736-6108-46E5-B990-16EFDA4367E8}
		{7F7E2483-27C8-4AC9-8753-5AA621B7FCB4} = {38554736-6108-46E5-B990-16EFDA4367E8}
		{76F67022-86AB-4C3A-BA8A-C9C06BF3E28B} = {38554736-6108-46E5-B990-16EFDA4367E8}
		{C5F2F28F-60E3-4FC9-8189-973F65C6B87B} = {38554736-6108-46E5-B990-16EFDA4367E8}
	EndGlobalSection
EndGlobal
